<Solution>
  <Folder Name="/Week3/" />
  <Folder Name="/Week3/PracA/">
    <Project Path="Week3/PracA/BankAccount.Test/BankAccount.Test.csproj" />
    <Project Path="Week3/PracA/BankAccount/BankAccount.csproj" />
  </Folder>
  <Folder Name="/Week3/PracB/">
    <Project Path="Week3/PracB/Employee.Test/Employee.Test.csproj" />
    <Project Path="Week3/PracB/Employee/Employee.csproj" />
  </Folder>
  <Folder Name="/Week4/" />
  <Folder Name="/Week4/PracA/">
    <Project Path="Week4/PracA/BrokenProgram/BrokenProgram.csproj" />
  </Folder>
</Solution>
