<Solution>
  <Folder Name="/Week1/" />
  <Folder Name="/Week1/PracA/">
    <Project Path="Week1/PracA/IntroTopic/IntroTopic.csproj" />
  </Folder>
  <Folder Name="/Week3/" />
  <Folder Name="/Week3/PracA/">
    <Project Path="Week3/PracA/BankAccount.Test/BankAccount.Test.csproj" />
    <Project Path="Week3/PracA/BankAccount/BankAccount.csproj" />
  </Folder>
  <Folder Name="/Week3/PracB/">
    <Project Path="Week3/PracB/Employee.Test/Employee.Test.csproj" />
    <Project Path="Week3/PracB/Employee/Employee.csproj" />
  </Folder>
  <Folder Name="/Week4/" />
  <Folder Name="/Week4/PracA/">
    <Project Path="Week4/PracA/BrokenProgram/BrokenProgram.csproj" />
  </Folder>
  <Folder Name="/Week4/PracB/">
    <Project Path="Week4/PracB/TachyonManifold/TachyonManifold.csproj" />
  </Folder>
  <Folder Name="/Week7/" />
  <Folder Name="/Week7/PracA/">
    <Project Path="Week7/PracA/BankComparer/BankComparer.csproj" />
    <Project Path="Week7/PracA/Leaderboard/Leaderboard.csproj" />
  </Folder>
  <Folder Name="/Week7/PracB/">
    <Project Path="Week7/PracB/PlayerRankings/PlayerRankings.csproj" />
  </Folder>
</Solution>
